dependencies:
- name: netmaker
  repository: file://subcharts/netmaker-helm/
  version: 0.3.4
- name: postgresql
  repository: https://charts.bitnami.com/bitnami
  version: 12.2.1
digest: sha256:82b84ac885d643be48d6bfbd50ff5c882c1b38eb8f3e4b1083b76635b4094601
generated: "2023-02-21T09:48:06.650756323-06:00"
